// !$*UTF8*$!
{
	archiveVersion = 1;
	classes = {
	};
	objectVersion = 77;
	objects = {

/* Begin PBXBuildFile section */
		890E6D1F2E7FD8A60037EEB9 /* MainTabBarController.swift in Sources */ = {isa = PBXBuildFile; fileRef = 890E6D1E2E7FD8A60037EEB9 /* MainTabBarController.swift */; };
		890E6D222E7FD9640037EEB9 /* HomeViewController.swift in Sources */ = {isa = PBXBuildFile; fileRef = 890E6D212E7FD9640037EEB9 /* HomeViewController.swift */; };
		890E6D252E7FF38D0037EEB9 /* HomeView.swift in Sources */ = {isa = PBXBuildFile; fileRef = 890E6D242E7FF38D0037EEB9 /* HomeView.swift */; };
		890E6D292E8012E80037EEB9 /* PlannerView.swift in Sources */ = {isa = PBXBuildFile; fileRef = 890E6D282E8012E80037EEB9 /* PlannerView.swift */; };
		890E6D2B2E80130D0037EEB9 /* PlannerViewController.swift in Sources */ = {isa = PBXBuildFile; fileRef = 890E6D2A2E80130D0037EEB9 /* PlannerViewController.swift */; };
		890E6D2E2E8013D70037EEB9 /* CardView.swift in Sources */ = {isa = PBXBuildFile; fileRef = 890E6D2D2E8013D70037EEB9 /* CardView.swift */; };
		890F08822E951B4900B47FCE /* UniversityDetailViewController.swift in Sources */ = {isa = PBXBuildFile; fileRef = 890F08812E951B4900B47FCE /* UniversityDetailViewController.swift */; };
		890F08872E951EEB00B47FCE /* AddUniversityView.swift in Sources */ = {isa = PBXBuildFile; fileRef = 890F08862E951EEB00B47FCE /* AddUniversityView.swift */; };
		890F08892E951F1100B47FCE /* AddUniversityViewController.swift in Sources */ = {isa = PBXBuildFile; fileRef = 890F08882E951F1100B47FCE /* AddUniversityViewController.swift */; };
		890F70E72EC1DD970043F56A /* MockExamViewModel.swift in Sources */ = {isa = PBXBuildFile; fileRef = 890F70E62EC1DD970043F56A /* MockExamViewModel.swift */; };
		890F70E92EC223DC0043F56A /* ExtraCurricularData.swift in Sources */ = {isa = PBXBuildFile; fileRef = 890F70E82EC223DC0043F56A /* ExtraCurricularData.swift */; };
		890F70EB2EC2243B0043F56A /* ExtraCurricularRepository.swift in Sources */ = {isa = PBXBuildFile; fileRef = 890F70EA2EC2243B0043F56A /* ExtraCurricularRepository.swift */; };
		890F70ED2EC2246F0043F56A /* ExtraCurricularUseCase.swift in Sources */ = {isa = PBXBuildFile; fileRef = 890F70EC2EC2246F0043F56A /* ExtraCurricularUseCase.swift */; };
		890F70EF2EC224AD0043F56A /* DefaultExtraCurricularRepository.swift in Sources */ = {isa = PBXBuildFile; fileRef = 890F70EE2EC224AD0043F56A /* DefaultExtraCurricularRepository.swift */; };
		890F70F12EC224E50043F56A /* ExtraCurricularViewModel.swift in Sources */ = {isa = PBXBuildFile; fileRef = 890F70F02EC224E50043F56A /* ExtraCurricularViewModel.swift */; };
		890F70F42EC2313A0043F56A /* AddActivityView.swift in Sources */ = {isa = PBXBuildFile; fileRef = 890F70F32EC231390043F56A /* AddActivityView.swift */; };
		890F70F62EC231730043F56A /* AddActivityViewController.swift in Sources */ = {isa = PBXBuildFile; fileRef = 890F70F52EC231730043F56A /* AddActivityViewController.swift */; };
		8926FC1D2EB09E6E00C5CB80 /* GradeRepository.swift in Sources */ = {isa = PBXBuildFile; fileRef = 8926FC1C2EB09E6E00C5CB80 /* GradeRepository.swift */; };
		8926FC1F2EB09ED800C5CB80 /* GradeUseCase.swift in Sources */ = {isa = PBXBuildFile; fileRef = 8926FC1E2EB09ED800C5CB80 /* GradeUseCase.swift */; };
		8926FC212EB09F1500C5CB80 /* DefaultGradeRepository.swift in Sources */ = {isa = PBXBuildFile; fileRef = 8926FC202EB09F1500C5CB80 /* DefaultGradeRepository.swift */; };
		8926FC232EB09F5000C5CB80 /* InternalGradeViewModel.swift in Sources */ = {isa = PBXBuildFile; fileRef = 8926FC222EB09F5000C5CB80 /* InternalGradeViewModel.swift */; };
		8926FC252EB0A1FA00C5CB80 /* GradeDataModel.swift in Sources */ = {isa = PBXBuildFile; fileRef = 8926FC242EB0A1FA00C5CB80 /* GradeDataModel.swift */; };
		8926FC272EB10D4B00C5CB80 /* GradeInputCell.swift in Sources */ = {isa = PBXBuildFile; fileRef = 8926FC262EB10D4B00C5CB80 /* GradeInputCell.swift */; };
		8956A7422E9CCDF8004678F0 /* AddQuestionView.swift in Sources */ = {isa = PBXBuildFile; fileRef = 8956A7412E9CCDF8004678F0 /* AddQuestionView.swift */; };
		8956A7442E9CCE04004678F0 /* AddQuestionViewController.swift in Sources */ = {isa = PBXBuildFile; fileRef = 8956A7432E9CCE04004678F0 /* AddQuestionViewController.swift */; };
		8956A74A2E9D4992004678F0 /* KakaoSDK in Frameworks */ = {isa = PBXBuildFile; productRef = 8956A7492E9D4992004678F0 /* KakaoSDK */; };
		8956A74C2E9D4992004678F0 /* KakaoSDKAuth in Frameworks */ = {isa = PBXBuildFile; productRef = 8956A74B2E9D4992004678F0 /* KakaoSDKAuth */; };
		8956A74E2E9D49BD004678F0 /* KakaoSDKUser in Frameworks */ = {isa = PBXBuildFile; productRef = 8956A74D2E9D49BD004678F0 /* KakaoSDKUser */; };
		8956A7502E9D4AA9004678F0 /* LoginViewController.swift in Sources */ = {isa = PBXBuildFile; fileRef = 8956A74F2E9D4AA9004678F0 /* LoginViewController.swift */; };
		8956A7542E9E4DCB004678F0 /* ScheduleRepository.swift in Sources */ = {isa = PBXBuildFile; fileRef = 8956A7532E9E4DCB004678F0 /* ScheduleRepository.swift */; };
		8956A7592E9E4F0D004678F0 /* DefaultSchedulRepository.swift in Sources */ = {isa = PBXBuildFile; fileRef = 8956A7582E9E4F0D004678F0 /* DefaultSchedulRepository.swift */; };
		8956A75C2E9E4FF9004678F0 /* PlannerUseCase.swift in Sources */ = {isa = PBXBuildFile; fileRef = 8956A75B2E9E4FF9004678F0 /* PlannerUseCase.swift */; };
		8956A75F2E9E5032004678F0 /* APIService.swift in Sources */ = {isa = PBXBuildFile; fileRef = 8956A75E2E9E5032004678F0 /* APIService.swift */; };
		896E3BF82E7ECFAE00AC49CF /* Assets.xcassets in Resources */ = {isa = PBXBuildFile; fileRef = 896E3BEF2E7ECFAE00AC49CF /* Assets.xcassets */; };
		896E3BFA2E7ECFAE00AC49CF /* LaunchScreen.storyboard in Resources */ = {isa = PBXBuildFile; fileRef = 896E3BF22E7ECFAE00AC49CF /* LaunchScreen.storyboard */; };
		896E3BFB2E7ECFAE00AC49CF /* Main.storyboard in Resources */ = {isa = PBXBuildFile; fileRef = 896E3BF42E7ECFAE00AC49CF /* Main.storyboard */; };
		896E3C062E7EFF4900AC49CF /* AppDelegate.swift in Sources */ = {isa = PBXBuildFile; fileRef = 896E3C012E7EFF4900AC49CF /* AppDelegate.swift */; };
		896E3C072E7EFF4900AC49CF /* SceneDelegate.swift in Sources */ = {isa = PBXBuildFile; fileRef = 896E3C032E7EFF4900AC49CF /* SceneDelegate.swift */; };
		8976678E2E9382AD009ECEFC /* AddGradeView.swift in Sources */ = {isa = PBXBuildFile; fileRef = 8976678D2E9382AD009ECEFC /* AddGradeView.swift */; };
		897667902E9382D6009ECEFC /* AddGradeViewController.swift in Sources */ = {isa = PBXBuildFile; fileRef = 8976678F2E9382D6009ECEFC /* AddGradeViewController.swift */; };
		8997E9C02E8BDEE300E572E7 /* CounselingView.swift in Sources */ = {isa = PBXBuildFile; fileRef = 8997E9BF2E8BDEE300E572E7 /* CounselingView.swift */; };
		8997E9C22E8BDF0000E572E7 /* CounselingViewController.swift in Sources */ = {isa = PBXBuildFile; fileRef = 8997E9C12E8BDF0000E572E7 /* CounselingViewController.swift */; };
		8997E9C52E8BDF8600E572E7 /* MyQuestionView.swift in Sources */ = {isa = PBXBuildFile; fileRef = 8997E9C42E8BDF8600E572E7 /* MyQuestionView.swift */; };
		8997E9C72E8BDF9200E572E7 /* MyQuestionViewController.swift in Sources */ = {isa = PBXBuildFile; fileRef = 8997E9C62E8BDF9200E572E7 /* MyQuestionViewController.swift */; };
		8997E9CB2E8BE16400E572E7 /* NotificationView.swift in Sources */ = {isa = PBXBuildFile; fileRef = 8997E9CA2E8BE16400E572E7 /* NotificationView.swift */; };
		8997E9CD2E8BE16F00E572E7 /* NotificationViewController.swift in Sources */ = {isa = PBXBuildFile; fileRef = 8997E9CC2E8BE16F00E572E7 /* NotificationViewController.swift */; };
		8997E9CF2E8BE1B900E572E7 /* FaqView.swift in Sources */ = {isa = PBXBuildFile; fileRef = 8997E9CE2E8BE1B900E572E7 /* FaqView.swift */; };
		8997E9D12E8BE1C200E572E7 /* FaqViewController.swift in Sources */ = {isa = PBXBuildFile; fileRef = 8997E9D02E8BE1C200E572E7 /* FaqViewController.swift */; };
		8997E9D42E8BF6F900E572E7 /* HomeData.swift in Sources */ = {isa = PBXBuildFile; fileRef = 8997E9D32E8BF6F900E572E7 /* HomeData.swift */; };
		8997E9D62E8BF9A100E572E7 /* HomeViewModel.swift in Sources */ = {isa = PBXBuildFile; fileRef = 8997E9D52E8BF9A100E572E7 /* HomeViewModel.swift */; };
		8997E9D92E8C25BF00E572E7 /* UniversityNewsDetailView.swift in Sources */ = {isa = PBXBuildFile; fileRef = 8997E9D82E8C25BF00E572E7 /* UniversityNewsDetailView.swift */; };
		8997E9DB2E8C25C800E572E7 /* UniversityNewsDetailViewController.swift in Sources */ = {isa = PBXBuildFile; fileRef = 8997E9DA2E8C25C800E572E7 /* UniversityNewsDetailViewController.swift */; };
		8997E9DE2E8C4F2400E572E7 /* AddScheduleView.swift in Sources */ = {isa = PBXBuildFile; fileRef = 8997E9DD2E8C4F2400E572E7 /* AddScheduleView.swift */; };
		8997E9E02E8C4F3400E572E7 /* AddSchedulViewController.swift in Sources */ = {isa = PBXBuildFile; fileRef = 8997E9DF2E8C4F3400E572E7 /* AddSchedulViewController.swift */; };
		8997E9E22E8C5A6500E572E7 /* PlannerData.swift in Sources */ = {isa = PBXBuildFile; fileRef = 8997E9E12E8C5A6500E572E7 /* PlannerData.swift */; };
		8997E9E42E8C5A8000E572E7 /* PlannerViewModel.swift in Sources */ = {isa = PBXBuildFile; fileRef = 8997E9E32E8C5A8000E572E7 /* PlannerViewModel.swift */; };
		89A776E72EDB0B9A00C544D6 /* CounselingModels.swift in Sources */ = {isa = PBXBuildFile; fileRef = 89A776E62EDB0B9A00C544D6 /* CounselingModels.swift */; };
		89A776E92EDB0CBD00C544D6 /* MyQuestionViewModel.swift in Sources */ = {isa = PBXBuildFile; fileRef = 89A776E82EDB0CBD00C544D6 /* MyQuestionViewModel.swift */; };
		89A776EB2EDB0E8000C544D6 /* CounselingRepository.swift in Sources */ = {isa = PBXBuildFile; fileRef = 89A776EA2EDB0E8000C544D6 /* CounselingRepository.swift */; };
		89A776ED2EDB0EB000C544D6 /* CounselingUseCase.swift in Sources */ = {isa = PBXBuildFile; fileRef = 89A776EC2EDB0EB000C544D6 /* CounselingUseCase.swift */; };
		89A776EF2EDB0ED500C544D6 /* DefaultCounselingRepository.swift in Sources */ = {isa = PBXBuildFile; fileRef = 89A776EE2EDB0ED500C544D6 /* DefaultCounselingRepository.swift */; };
		89A776F12EDB33A900C544D6 /* NotificationItem.swift in Sources */ = {isa = PBXBuildFile; fileRef = 89A776F02EDB33A900C544D6 /* NotificationItem.swift */; };
		89A776F32EDB33CA00C544D6 /* NotificationRepository.swift in Sources */ = {isa = PBXBuildFile; fileRef = 89A776F22EDB33CA00C544D6 /* NotificationRepository.swift */; };
		89A776F52EDB340100C544D6 /* DefaultNotificationRepository.swift in Sources */ = {isa = PBXBuildFile; fileRef = 89A776F42EDB340100C544D6 /* DefaultNotificationRepository.swift */; };
		89A776F72EDB342A00C544D6 /* NotificationViewModel.swift in Sources */ = {isa = PBXBuildFile; fileRef = 89A776F62EDB342A00C544D6 /* NotificationViewModel.swift */; };
		89BB27842EC2392F00C3BCC8 /* AddReadingViewController.swift in Sources */ = {isa = PBXBuildFile; fileRef = 89BB27832EC2392F00C3BCC8 /* AddReadingViewController.swift */; };
		89C627552E80E6B200CAB833 /* GradesViewController.swift in Sources */ = {isa = PBXBuildFile; fileRef = 89C627542E80E6B200CAB833 /* GradesViewController.swift */; };
		89C627572E80E6BB00CAB833 /* GradesView.swift in Sources */ = {isa = PBXBuildFile; fileRef = 89C627562E80E6BB00CAB833 /* GradesView.swift */; };
		89C6275A2E80E6E100CAB833 /* GradeChart.swift in Sources */ = {isa = PBXBuildFile; fileRef = 89C627592E80E6E100CAB833 /* GradeChart.swift */; };
		89C6275D2E80E8B100CAB833 /* InternalGradesViewController.swift in Sources */ = {isa = PBXBuildFile; fileRef = 89C6275C2E80E8B100CAB833 /* InternalGradesViewController.swift */; };
		89C6275F2E80E8C700CAB833 /* MockExamViewController.swift in Sources */ = {isa = PBXBuildFile; fileRef = 89C6275E2E80E8C700CAB833 /* MockExamViewController.swift */; };
		89C627612E80E8E000CAB833 /* ExtraCurricularViewController.swift in Sources */ = {isa = PBXBuildFile; fileRef = 89C627602E80E8E000CAB833 /* ExtraCurricularViewController.swift */; };
		89C627662E80E9B600CAB833 /* InternalGradesView.swift in Sources */ = {isa = PBXBuildFile; fileRef = 89C627652E80E9B600CAB833 /* InternalGradesView.swift */; };
		89C627682E8118CE00CAB833 /* MockExamView.swift in Sources */ = {isa = PBXBuildFile; fileRef = 89C627672E8118CE00CAB833 /* MockExamView.swift */; };
		89C6276A2E811A3400CAB833 /* ExtraCurricularView.swift in Sources */ = {isa = PBXBuildFile; fileRef = 89C627692E811A3400CAB833 /* ExtraCurricularView.swift */; };
		89CBA1A32E8262DB0075941D /* UniversityView.swift in Sources */ = {isa = PBXBuildFile; fileRef = 89CBA1A22E8262DB0075941D /* UniversityView.swift */; };
		89CBA1A62E8263680075941D /* UniversityViewController.swift in Sources */ = {isa = PBXBuildFile; fileRef = 89CBA1A52E8263680075941D /* UniversityViewController.swift */; };
		89CBA1A92E82639E0075941D /* MyUniversitiesView.swift in Sources */ = {isa = PBXBuildFile; fileRef = 89CBA1A82E82639E0075941D /* MyUniversitiesView.swift */; };
		89CBA1AB2E8264AC0075941D /* MyUniversitiesViewController.swift in Sources */ = {isa = PBXBuildFile; fileRef = 89CBA1AA2E8264AC0075941D /* MyUniversitiesViewController.swift */; };
		89CBA1AF2E8265270075941D /* AdmissionNewsView.swift in Sources */ = {isa = PBXBuildFile; fileRef = 89CBA1AE2E8265270075941D /* AdmissionNewsView.swift */; };
		89CBA1B12E8265360075941D /* AdmissionNewsViewController.swift in Sources */ = {isa = PBXBuildFile; fileRef = 89CBA1B02E8265360075941D /* AdmissionNewsViewController.swift */; };
		89CBA1B42E82656E0075941D /* AdmissionScheduleView.swift in Sources */ = {isa = PBXBuildFile; fileRef = 89CBA1B32E82656E0075941D /* AdmissionScheduleView.swift */; };
		89CBA1B62E82657F0075941D /* AdmissionScheduleViewController.swift in Sources */ = {isa = PBXBuildFile; fileRef = 89CBA1B52E82657F0075941D /* AdmissionScheduleViewController.swift */; };
		89FC03B52EC33D04004EB55F /* UniversityDataModel.swift in Sources */ = {isa = PBXBuildFile; fileRef = 89FC03B42EC33D04004EB55F /* UniversityDataModel.swift */; };
		89FC03B72EC33D99004EB55F /* UniversityRepository.swift in Sources */ = {isa = PBXBuildFile; fileRef = 89FC03B62EC33D99004EB55F /* UniversityRepository.swift */; };
		89FC03B92EC33DC1004EB55F /* DefaultUniversityRepository.swift in Sources */ = {isa = PBXBuildFile; fileRef = 89FC03B82EC33DC1004EB55F /* DefaultUniversityRepository.swift */; };
		89FC03BB2EC33E07004EB55F /* UniversityUseCase.swift in Sources */ = {isa = PBXBuildFile; fileRef = 89FC03BA2EC33E07004EB55F /* UniversityUseCase.swift */; };
		89FC03BD2EC33E5B004EB55F /* AdmissionSchedulViewModel.swift in Sources */ = {isa = PBXBuildFile; fileRef = 89FC03BC2EC33E5B004EB55F /* AdmissionSchedulViewModel.swift */; };
		89FC03BF2EC3637F004EB55F /* MyUniversitiesViewModel.swift in Sources */ = {isa = PBXBuildFile; fileRef = 89FC03BE2EC3637F004EB55F /* MyUniversitiesViewModel.swift */; };
		89FC03C12EC38CB7004EB55F /* AdmissionsNewsViewModel.swift in Sources */ = {isa = PBXBuildFile; fileRef = 89FC03C02EC38CB7004EB55F /* AdmissionsNewsViewModel.swift */; };
		89FC03C42EC39544004EB55F /* KeychainAccess in Frameworks */ = {isa = PBXBuildFile; productRef = 89FC03C32EC39544004EB55F /* KeychainAccess */; };
		89FC03C62EC39553004EB55F /* KeychainService.swift in Sources */ = {isa = PBXBuildFile; fileRef = 89FC03C52EC39553004EB55F /* KeychainService.swift */; };
/* End PBXBuildFile section */

/* Begin PBXFileReference section */
		890E6D1E2E7FD8A60037EEB9 /* MainTabBarController.swift */ = {isa = PBXFileReference; lastKnownFileType = sourcecode.swift; path = MainTabBarController.swift; sourceTree = "<group>"; };
		890E6D212E7FD9640037EEB9 /* HomeViewController.swift */ = {isa = PBXFileReference; lastKnownFileType = sourcecode.swift; path = HomeViewController.swift; sourceTree = "<group>"; };
		890E6D242E7FF38D0037EEB9 /* HomeView.swift */ = {isa = PBXFileReference; lastKnownFileType = sourcecode.swift; path = HomeView.swift; sourceTree = "<group>"; };
		890E6D282E8012E80037EEB9 /* PlannerView.swift */ = {isa = PBXFileReference; lastKnownFileType = sourcecode.swift; path = PlannerView.swift; sourceTree = "<group>"; };
		890E6D2A2E80130D0037EEB9 /* PlannerViewController.swift */ = {isa = PBXFileReference; lastKnownFileType = sourcecode.swift; path = PlannerViewController.swift; sourceTree = "<group>"; };
		890E6D2D2E8013D70037EEB9 /* CardView.swift */ = {isa = PBXFileReference; lastKnownFileType = sourcecode.swift; path = CardView.swift; sourceTree = "<group>"; };
		890F08812E951B4900B47FCE /* UniversityDetailViewController.swift */ = {isa = PBXFileReference; lastKnownFileType = sourcecode.swift; path = UniversityDetailViewController.swift; sourceTree = "<group>"; };
		890F08862E951EEB00B47FCE /* AddUniversityView.swift */ = {isa = PBXFileReference; lastKnownFileType = sourcecode.swift; path = AddUniversityView.swift; sourceTree = "<group>"; };
		890F08882E951F1100B47FCE /* AddUniversityViewController.swift */ = {isa = PBXFileReference; lastKnownFileType = sourcecode.swift; path = AddUniversityViewController.swift; sourceTree = "<group>"; };
		890F70E62EC1DD970043F56A /* MockExamViewModel.swift */ = {isa = PBXFileReference; lastKnownFileType = sourcecode.swift; path = MockExamViewModel.swift; sourceTree = "<group>"; };
		890F70E82EC223DC0043F56A /* ExtraCurricularData.swift */ = {isa = PBXFileReference; lastKnownFileType = sourcecode.swift; path = ExtraCurricularData.swift; sourceTree = "<group>"; };
		890F70EA2EC2243B0043F56A /* ExtraCurricularRepository.swift */ = {isa = PBXFileReference; lastKnownFileType = sourcecode.swift; path = ExtraCurricularRepository.swift; sourceTree = "<group>"; };
		890F70EC2EC2246F0043F56A /* ExtraCurricularUseCase.swift */ = {isa = PBXFileReference; lastKnownFileType = sourcecode.swift; path = ExtraCurricularUseCase.swift; sourceTree = "<group>"; };
		890F70EE2EC224AD0043F56A /* DefaultExtraCurricularRepository.swift */ = {isa = PBXFileReference; lastKnownFileType = sourcecode.swift; path = DefaultExtraCurricularRepository.swift; sourceTree = "<group>"; };
		890F70F02EC224E50043F56A /* ExtraCurricularViewModel.swift */ = {isa = PBXFileReference; lastKnownFileType = sourcecode.swift; path = ExtraCurricularViewModel.swift; sourceTree = "<group>"; };
		890F70F32EC231390043F56A /* AddActivityView.swift */ = {isa = PBXFileReference; lastKnownFileType = sourcecode.swift; path = AddActivityView.swift; sourceTree = "<group>"; };
		890F70F52EC231730043F56A /* AddActivityViewController.swift */ = {isa = PBXFileReference; lastKnownFileType = sourcecode.swift; path = AddActivityViewController.swift; sourceTree = "<group>"; };
		8926FC1C2EB09E6E00C5CB80 /* GradeRepository.swift */ = {isa = PBXFileReference; lastKnownFileType = sourcecode.swift; path = GradeRepository.swift; sourceTree = "<group>"; };
		8926FC1E2EB09ED800C5CB80 /* GradeUseCase.swift */ = {isa = PBXFileReference; lastKnownFileType = sourcecode.swift; path = GradeUseCase.swift; sourceTree = "<group>"; };
		8926FC202EB09F1500C5CB80 /* DefaultGradeRepository.swift */ = {isa = PBXFileReference; lastKnownFileType = sourcecode.swift; path = DefaultGradeRepository.swift; sourceTree = "<group>"; };
		8926FC222EB09F5000C5CB80 /* InternalGradeViewModel.swift */ = {isa = PBXFileReference; lastKnownFileType = sourcecode.swift; path = InternalGradeViewModel.swift; sourceTree = "<group>"; };
		8926FC242EB0A1FA00C5CB80 /* GradeDataModel.swift */ = {isa = PBXFileReference; lastKnownFileType = sourcecode.swift; path = GradeDataModel.swift; sourceTree = "<group>"; };
		8926FC262EB10D4B00C5CB80 /* GradeInputCell.swift */ = {isa = PBXFileReference; lastKnownFileType = sourcecode.swift; path = GradeInputCell.swift; sourceTree = "<group>"; };
		8956A7412E9CCDF8004678F0 /* AddQuestionView.swift */ = {isa = PBXFileReference; lastKnownFileType = sourcecode.swift; path = AddQuestionView.swift; sourceTree = "<group>"; };
		8956A7432E9CCE04004678F0 /* AddQuestionViewController.swift */ = {isa = PBXFileReference; lastKnownFileType = sourcecode.swift; path = AddQuestionViewController.swift; sourceTree = "<group>"; };
		8956A74F2E9D4AA9004678F0 /* LoginViewController.swift */ = {isa = PBXFileReference; lastKnownFileType = sourcecode.swift; path = LoginViewController.swift; sourceTree = "<group>"; };
		8956A7512E9D4BE3004678F0 /* Config.xcconfig */ = {isa = PBXFileReference; lastKnownFileType = text.xcconfig; path = Config.xcconfig; sourceTree = "<group>"; };
		8956A7532E9E4DCB004678F0 /* ScheduleRepository.swift */ = {isa = PBXFileReference; lastKnownFileType = sourcecode.swift; path = ScheduleRepository.swift; sourceTree = "<group>"; };
		8956A7582E9E4F0D004678F0 /* DefaultSchedulRepository.swift */ = {isa = PBXFileReference; lastKnownFileType = sourcecode.swift; path = DefaultSchedulRepository.swift; sourceTree = "<group>"; };
		8956A75B2E9E4FF9004678F0 /* PlannerUseCase.swift */ = {isa = PBXFileReference; lastKnownFileType = sourcecode.swift; path = PlannerUseCase.swift; sourceTree = "<group>"; };
		8956A75E2E9E5032004678F0 /* APIService.swift */ = {isa = PBXFileReference; lastKnownFileType = sourcecode.swift; path = APIService.swift; sourceTree = "<group>"; };
		896E3BD62E7ECFA200AC49CF /* I-Gou.app */ = {isa = PBXFileReference; explicitFileType = wrapper.application; includeInIndex = 0; path = "I-Gou.app"; sourceTree = BUILT_PRODUCTS_DIR; };
		896E3BEF2E7ECFAE00AC49CF /* Assets.xcassets */ = {isa = PBXFileReference; lastKnownFileType = folder.assetcatalog; path = Assets.xcassets; sourceTree = "<group>"; };
		896E3BF12E7ECFAE00AC49CF /* Base */ = {isa = PBXFileReference; lastKnownFileType = file.storyboard; name = Base; path = Base.lproj/LaunchScreen.storyboard; sourceTree = "<group>"; };
		896E3BF32E7ECFAE00AC49CF /* Base */ = {isa = PBXFileReference; lastKnownFileType = file.storyboard; name = Base; path = Base.lproj/Main.storyboard; sourceTree = "<group>"; };
		896E3C012E7EFF4900AC49CF /* AppDelegate.swift */ = {isa = PBXFileReference; lastKnownFileType = sourcecode.swift; path = AppDelegate.swift; sourceTree = "<group>"; };
		896E3C022E7EFF4900AC49CF /* Info.plist */ = {isa = PBXFileReference; lastKnownFileType = text.plist.xml; path = Info.plist; sourceTree = "<group>"; };
		896E3C032E7EFF4900AC49CF /* SceneDelegate.swift */ = {isa = PBXFileReference; lastKnownFileType = sourcecode.swift; path = SceneDelegate.swift; sourceTree = "<group>"; };
		8976678D2E9382AD009ECEFC /* AddGradeView.swift */ = {isa = PBXFileReference; lastKnownFileType = sourcecode.swift; path = AddGradeView.swift; sourceTree = "<group>"; };
		8976678F2E9382D6009ECEFC /* AddGradeViewController.swift */ = {isa = PBXFileReference; lastKnownFileType = sourcecode.swift; path = AddGradeViewController.swift; sourceTree = "<group>"; };
		8997E9BF2E8BDEE300E572E7 /* CounselingView.swift */ = {isa = PBXFileReference; lastKnownFileType = sourcecode.swift; path = CounselingView.swift; sourceTree = "<group>"; };
		8997E9C12E8BDF0000E572E7 /* CounselingViewController.swift */ = {isa = PBXFileReference; lastKnownFileType = sourcecode.swift; path = CounselingViewController.swift; sourceTree = "<group>"; };
		8997E9C42E8BDF8600E572E7 /* MyQuestionView.swift */ = {isa = PBXFileReference; lastKnownFileType = sourcecode.swift; path = MyQuestionView.swift; sourceTree = "<group>"; };
		8997E9C62E8BDF9200E572E7 /* MyQuestionViewController.swift */ = {isa = PBXFileReference; lastKnownFileType = sourcecode.swift; path = MyQuestionViewController.swift; sourceTree = "<group>"; };
		8997E9CA2E8BE16400E572E7 /* NotificationView.swift */ = {isa = PBXFileReference; lastKnownFileType = sourcecode.swift; path = NotificationView.swift; sourceTree = "<group>"; };
		8997E9CC2E8BE16F00E572E7 /* NotificationViewController.swift */ = {isa = PBXFileReference; lastKnownFileType = sourcecode.swift; path = NotificationViewController.swift; sourceTree = "<group>"; };
		8997E9CE2E8BE1B900E572E7 /* FaqView.swift */ = {isa = PBXFileReference; lastKnownFileType = sourcecode.swift; path = FaqView.swift; sourceTree = "<group>"; };
		8997E9D02E8BE1C200E572E7 /* FaqViewController.swift */ = {isa = PBXFileReference; lastKnownFileType = sourcecode.swift; path = FaqViewController.swift; sourceTree = "<group>"; };
		8997E9D32E8BF6F900E572E7 /* HomeData.swift */ = {isa = PBXFileReference; lastKnownFileType = sourcecode.swift; path = HomeData.swift; sourceTree = "<group>"; };
		8997E9D52E8BF9A100E572E7 /* HomeViewModel.swift */ = {isa = PBXFileReference; lastKnownFileType = sourcecode.swift; path = HomeViewModel.swift; sourceTree = "<group>"; };
		8997E9D82E8C25BF00E572E7 /* UniversityNewsDetailView.swift */ = {isa = PBXFileReference; lastKnownFileType = sourcecode.swift; path = UniversityNewsDetailView.swift; sourceTree = "<group>"; };
		8997E9DA2E8C25C800E572E7 /* UniversityNewsDetailViewController.swift */ = {isa = PBXFileReference; lastKnownFileType = sourcecode.swift; path = UniversityNewsDetailViewController.swift; sourceTree = "<group>"; };
		8997E9DD2E8C4F2400E572E7 /* AddScheduleView.swift */ = {isa = PBXFileReference; lastKnownFileType = sourcecode.swift; path = AddScheduleView.swift; sourceTree = "<group>"; };
		8997E9DF2E8C4F3400E572E7 /* AddSchedulViewController.swift */ = {isa = PBXFileReference; lastKnownFileType = sourcecode.swift; path = AddSchedulViewController.swift; sourceTree = "<group>"; };
		8997E9E12E8C5A6500E572E7 /* PlannerData.swift */ = {isa = PBXFileReference; lastKnownFileType = sourcecode.swift; path = PlannerData.swift; sourceTree = "<group>"; };
		8997E9E32E8C5A8000E572E7 /* PlannerViewModel.swift */ = {isa = PBXFileReference; lastKnownFileType = sourcecode.swift; path = PlannerViewModel.swift; sourceTree = "<group>"; };
		89A776E62EDB0B9A00C544D6 /* CounselingModels.swift */ = {isa = PBXFileReference; lastKnownFileType = sourcecode.swift; path = CounselingModels.swift; sourceTree = "<group>"; };
		89A776E82EDB0CBD00C544D6 /* MyQuestionViewModel.swift */ = {isa = PBXFileReference; lastKnownFileType = sourcecode.swift; path = MyQuestionViewModel.swift; sourceTree = "<group>"; };
		89A776EA2EDB0E8000C544D6 /* CounselingRepository.swift */ = {isa = PBXFileReference; lastKnownFileType = sourcecode.swift; path = CounselingRepository.swift; sourceTree = "<group>"; };
		89A776EC2EDB0EB000C544D6 /* CounselingUseCase.swift */ = {isa = PBXFileReference; lastKnownFileType = sourcecode.swift; path = CounselingUseCase.swift; sourceTree = "<group>"; };
		89A776EE2EDB0ED500C544D6 /* DefaultCounselingRepository.swift */ = {isa = PBXFileReference; lastKnownFileType = sourcecode.swift; path = DefaultCounselingRepository.swift; sourceTree = "<group>"; };
		89A776F02EDB33A900C544D6 /* NotificationItem.swift */ = {isa = PBXFileReference; lastKnownFileType = sourcecode.swift; path = NotificationItem.swift; sourceTree = "<group>"; };
		89A776F22EDB33CA00C544D6 /* NotificationRepository.swift */ = {isa = PBXFileReference; lastKnownFileType = sourcecode.swift; path = NotificationRepository.swift; sourceTree = "<group>"; };
		89A776F42EDB340100C544D6 /* DefaultNotificationRepository.swift */ = {isa = PBXFileReference; lastKnownFileType = sourcecode.swift; path = DefaultNotificationRepository.swift; sourceTree = "<group>"; };
		89A776F62EDB342A00C544D6 /* NotificationViewModel.swift */ = {isa = PBXFileReference; lastKnownFileType = sourcecode.swift; path = NotificationViewModel.swift; sourceTree = "<group>"; };
		89BB27832EC2392F00C3BCC8 /* AddReadingViewController.swift */ = {isa = PBXFileReference; lastKnownFileType = sourcecode.swift; path = AddReadingViewController.swift; sourceTree = "<group>"; };
		89C627542E80E6B200CAB833 /* GradesViewController.swift */ = {isa = PBXFileReference; lastKnownFileType = sourcecode.swift; path = GradesViewController.swift; sourceTree = "<group>"; };
		89C627562E80E6BB00CAB833 /* GradesView.swift */ = {isa = PBXFileReference; lastKnownFileType = sourcecode.swift; path = GradesView.swift; sourceTree = "<group>"; };
		89C627592E80E6E100CAB833 /* GradeChart.swift */ = {isa = PBXFileReference; lastKnownFileType = sourcecode.swift; path = GradeChart.swift; sourceTree = "<group>"; };
		89C6275C2E80E8B100CAB833 /* InternalGradesViewController.swift */ = {isa = PBXFileReference; lastKnownFileType = sourcecode.swift; path = InternalGradesViewController.swift; sourceTree = "<group>"; };
		89C6275E2E80E8C700CAB833 /* MockExamViewController.swift */ = {isa = PBXFileReference; lastKnownFileType = sourcecode.swift; path = MockExamViewController.swift; sourceTree = "<group>"; };
		89C627602E80E8E000CAB833 /* ExtraCurricularViewController.swift */ = {isa = PBXFileReference; lastKnownFileType = sourcecode.swift; path = ExtraCurricularViewController.swift; sourceTree = "<group>"; };
		89C627652E80E9B600CAB833 /* InternalGradesView.swift */ = {isa = PBXFileReference; lastKnownFileType = sourcecode.swift; path = InternalGradesView.swift; sourceTree = "<group>"; };
		89C627672E8118CE00CAB833 /* MockExamView.swift */ = {isa = PBXFileReference; lastKnownFileType = sourcecode.swift; path = MockExamView.swift; sourceTree = "<group>"; };
		89C627692E811A3400CAB833 /* ExtraCurricularView.swift */ = {isa = PBXFileReference; lastKnownFileType = sourcecode.swift; path = ExtraCurricularView.swift; sourceTree = "<group>"; };
		89CBA1A22E8262DB0075941D /* UniversityView.swift */ = {isa = PBXFileReference; lastKnownFileType = sourcecode.swift; path = UniversityView.swift; sourceTree = "<group>"; };
		89CBA1A52E8263680075941D /* UniversityViewController.swift */ = {isa = PBXFileReference; lastKnownFileType = sourcecode.swift; path = UniversityViewController.swift; sourceTree = "<group>"; };
		89CBA1A82E82639E0075941D /* MyUniversitiesView.swift */ = {isa = PBXFileReference; lastKnownFileType = sourcecode.swift; path = MyUniversitiesView.swift; sourceTree = "<group>"; };
		89CBA1AA2E8264AC0075941D /* MyUniversitiesViewController.swift */ = {isa = PBXFileReference; lastKnownFileType = sourcecode.swift; path = MyUniversitiesViewController.swift; sourceTree = "<group>"; };
		89CBA1AE2E8265270075941D /* AdmissionNewsView.swift */ = {isa = PBXFileReference; lastKnownFileType = sourcecode.swift; path = AdmissionNewsView.swift; sourceTree = "<group>"; };
		89CBA1B02E8265360075941D /* AdmissionNewsViewController.swift */ = {isa = PBXFileReference; lastKnownFileType = sourcecode.swift; path = AdmissionNewsViewController.swift; sourceTree = "<group>"; };
		89CBA1B32E82656E0075941D /* AdmissionScheduleView.swift */ = {isa = PBXFileReference; lastKnownFileType = sourcecode.swift; path = AdmissionScheduleView.swift; sourceTree = "<group>"; };
		89CBA1B52E82657F0075941D /* AdmissionScheduleViewController.swift */ = {isa = PBXFileReference; lastKnownFileType = sourcecode.swift; path = AdmissionScheduleViewController.swift; sourceTree = "<group>"; };
		89FC03B42EC33D04004EB55F /* UniversityDataModel.swift */ = {isa = PBXFileReference; lastKnownFileType = sourcecode.swift; path = UniversityDataModel.swift; sourceTree = "<group>"; };
		89FC03B62EC33D99004EB55F /* UniversityRepository.swift */ = {isa = PBXFileReference; lastKnownFileType = sourcecode.swift; path = UniversityRepository.swift; sourceTree = "<group>"; };
		89FC03B82EC33DC1004EB55F /* DefaultUniversityRepository.swift */ = {isa = PBXFileReference; lastKnownFileType = sourcecode.swift; path = DefaultUniversityRepository.swift; sourceTree = "<group>"; };
		89FC03BA2EC33E07004EB55F /* UniversityUseCase.swift */ = {isa = PBXFileReference; lastKnownFileType = sourcecode.swift; path = UniversityUseCase.swift; sourceTree = "<group>"; };
		89FC03BC2EC33E5B004EB55F /* AdmissionSchedulViewModel.swift */ = {isa = PBXFileReference; lastKnownFileType = sourcecode.swift; path = AdmissionSchedulViewModel.swift; sourceTree = "<group>"; };
		89FC03BE2EC3637F004EB55F /* MyUniversitiesViewModel.swift */ = {isa = PBXFileReference; lastKnownFileType = sourcecode.swift; path = MyUniversitiesViewModel.swift; sourceTree = "<group>"; };
		89FC03C02EC38CB7004EB55F /* AdmissionsNewsViewModel.swift */ = {isa = PBXFileReference; lastKnownFileType = sourcecode.swift; path = AdmissionsNewsViewModel.swift; sourceTree = "<group>"; };
		89FC03C52EC39553004EB55F /* KeychainService.swift */ = {isa = PBXFileReference; lastKnownFileType = sourcecode.swift; path = KeychainService.swift; sourceTree = "<group>"; };
/* End PBXFileReference section */

/* Begin PBXFrameworksBuildPhase section */
		896E3BD32E7ECFA200AC49CF /* Frameworks */ = {
			isa = PBXFrameworksBuildPhase;
			buildActionMask = 2147483647;
			files = (
				89FC03C42EC39544004EB55F /* KeychainAccess in Frameworks */,
				8956A74A2E9D4992004678F0 /* KakaoSDK in Frameworks */,
				8956A74C2E9D4992004678F0 /* KakaoSDKAuth in Frameworks */,
				8956A74E2E9D49BD004678F0 /* KakaoSDKUser in Frameworks */,
			);
			runOnlyForDeploymentPostprocessing = 0;
		};
/* End PBXFrameworksBuildPhase section */

/* Begin PBXGroup section */
		890E6D1D2E7FD8880037EEB9 /* TabBar */ = {
			isa = PBXGroup;
			children = (
				890E6D1E2E7FD8A60037EEB9 /* MainTabBarController.swift */,
			);
			path = TabBar;
			sourceTree = "<group>";
		};
		890E6D202E7FD94F0037EEB9 /* Home */ = {
			isa = PBXGroup;
			children = (
				890E6D242E7FF38D0037EEB9 /* HomeView.swift */,
				890E6D212E7FD9640037EEB9 /* HomeViewController.swift */,
				8997E9D52E8BF9A100E572E7 /* HomeViewModel.swift */,
			);
			path = Home;
			sourceTree = "<group>";
		};
		890E6D272E8012C50037EEB9 /* Planner */ = {
			isa = PBXGroup;
			children = (
				8997E9DC2E8C4F0700E572E7 /* AddSchedul */,
				890E6D282E8012E80037EEB9 /* PlannerView.swift */,
				890E6D2A2E80130D0037EEB9 /* PlannerViewController.swift */,
				8997E9E32E8C5A8000E572E7 /* PlannerViewModel.swift */,
			);
			path = Planner;
			sourceTree = "<group>";
		};
		890E6D2C2E8013BF0037EEB9 /* Component */ = {
			isa = PBXGroup;
			children = (
				890E6D2D2E8013D70037EEB9 /* CardView.swift */,
			);
			path = Component;
			sourceTree = "<group>";
		};
		890F087A2E94F7DD00B47FCE /* ChildView */ = {
			isa = PBXGroup;
			children = (
				89CBA1A72E8263860075941D /* MyUniversity */,
				89CBA1AC2E8264C80075941D /* AdmissionsNews */,
				89CBA1AD2E8264EC0075941D /* AdmissionSchedule */,
			);
			path = ChildView;
			sourceTree = "<group>";
		};
		890F087B2E94F7F100B47FCE /* ChildView */ = {
			isa = PBXGroup;
			children = (
				8997E9C32E8BDF7000E572E7 /* MyQuestions */,
				8997E9C82E8BDFC700E572E7 /* Notifications */,
				8997E9C92E8BDFD400E572E7 /* Faq */,
			);
			path = ChildView;
			sourceTree = "<group>";
		};
		890F08802E951B2A00B47FCE /* UniversityDetailView */ = {
			isa = PBXGroup;
			children = (
				890F08812E951B4900B47FCE /* UniversityDetailViewController.swift */,
			);
			path = UniversityDetailView;
			sourceTree = "<group>";
		};
		890F08852E951ED500B47FCE /* AddUniversity */ = {
			isa = PBXGroup;
			children = (
				890F08862E951EEB00B47FCE /* AddUniversityView.swift */,
				890F08882E951F1100B47FCE /* AddUniversityViewController.swift */,
			);
			path = AddUniversity;
			sourceTree = "<group>";
		};
		890F70F22EC231150043F56A /* AddActivity */ = {
			isa = PBXGroup;
			children = (
				890F70F52EC231730043F56A /* AddActivityViewController.swift */,
				890F70F32EC231390043F56A /* AddActivityView.swift */,
				89BB27832EC2392F00C3BCC8 /* AddReadingViewController.swift */,
			);
			path = AddActivity;
			sourceTree = "<group>";
		};
		8956A7402E9CCDE1004678F0 /* AddQuestion */ = {
			isa = PBXGroup;
			children = (
				8956A7412E9CCDF8004678F0 /* AddQuestionView.swift */,
				8956A7432E9CCE04004678F0 /* AddQuestionViewController.swift */,
			);
			path = AddQuestion;
			sourceTree = "<group>";
		};
		8956A7452E9D4104004678F0 /* UseCases */ = {
			isa = PBXGroup;
			children = (
				8956A75B2E9E4FF9004678F0 /* PlannerUseCase.swift */,
				8926FC1E2EB09ED800C5CB80 /* GradeUseCase.swift */,
				890F70EC2EC2246F0043F56A /* ExtraCurricularUseCase.swift */,
				89FC03BA2EC33E07004EB55F /* UniversityUseCase.swift */,
				89A776EC2EDB0EB000C544D6 /* CounselingUseCase.swift */,
			);
			path = UseCases;
			sourceTree = "<group>";
		};
		8956A7522E9E4DA9004678F0 /* Repositories */ = {
			isa = PBXGroup;
			children = (
				8956A7532E9E4DCB004678F0 /* ScheduleRepository.swift */,
				8926FC1C2EB09E6E00C5CB80 /* GradeRepository.swift */,
				890F70EA2EC2243B0043F56A /* ExtraCurricularRepository.swift */,
				89FC03B62EC33D99004EB55F /* UniversityRepository.swift */,
				89A776EA2EDB0E8000C544D6 /* CounselingRepository.swift */,
				89A776F22EDB33CA00C544D6 /* NotificationRepository.swift */,
			);
			path = Repositories;
			sourceTree = "<group>";
		};
		8956A7572E9E4EF3004678F0 /* Repositories */ = {
			isa = PBXGroup;
			children = (
				8956A7582E9E4F0D004678F0 /* DefaultSchedulRepository.swift */,
				8926FC202EB09F1500C5CB80 /* DefaultGradeRepository.swift */,
				890F70EE2EC224AD0043F56A /* DefaultExtraCurricularRepository.swift */,
				89FC03B82EC33DC1004EB55F /* DefaultUniversityRepository.swift */,
				89A776EE2EDB0ED500C544D6 /* DefaultCounselingRepository.swift */,
				89A776F42EDB340100C544D6 /* DefaultNotificationRepository.swift */,
			);
			path = Repositories;
			sourceTree = "<group>";
		};
		8956A75D2E9E5021004678F0 /* Network */ = {
			isa = PBXGroup;
			children = (
				8956A75E2E9E5032004678F0 /* APIService.swift */,
			);
			path = Network;
			sourceTree = "<group>";
		};
		896E3BCD2E7ECFA200AC49CF = {
			isa = PBXGroup;
			children = (
				896E3BF72E7ECFAE00AC49CF /* I-Gou */,
				896E3BD72E7ECFA200AC49CF /* Products */,
			);
			sourceTree = "<group>";
		};
		896E3BD72E7ECFA200AC49CF /* Products */ = {
			isa = PBXGroup;
			children = (
				896E3BD62E7ECFA200AC49CF /* I-Gou.app */,
			);
			name = Products;
			sourceTree = "<group>";
		};
		896E3BF72E7ECFAE00AC49CF /* I-Gou */ = {
			isa = PBXGroup;
			children = (
				8956A7512E9D4BE3004678F0 /* Config.xcconfig */,
				896E3C022E7EFF4900AC49CF /* Info.plist */,
				896E3C0C2E7EFFEA00AC49CF /* Core */,
				896E3C042E7EFF4900AC49CF /* Application */,
				896E3C082E7EFFC400AC49CF /* Feature */,
			);
			path = "I-Gou";
			sourceTree = "<group>";
		};
		896E3C042E7EFF4900AC49CF /* Application */ = {
			isa = PBXGroup;
			children = (
				89FC03C52EC39553004EB55F /* KeychainService.swift */,
				896E3C012E7EFF4900AC49CF /* AppDelegate.swift */,
				896E3C032E7EFF4900AC49CF /* SceneDelegate.swift */,
			);
			path = Application;
			sourceTree = "<group>";
		};
		896E3C082E7EFFC400AC49CF /* Feature */ = {
			isa = PBXGroup;
			children = (
				896E3C0A2E7EFFD800AC49CF /* Domain */,
				896E3C0B2E7EFFDD00AC49CF /* Data */,
				896E3C0E2E7F005000AC49CF /* Presenter */,
				896E3C0D2E7EFFFD00AC49CF /* Resources */,
			);
			path = Feature;
			sourceTree = "<group>";
		};
		896E3C0A2E7EFFD800AC49CF /* Domain */ = {
			isa = PBXGroup;
			children = (
				8956A7522E9E4DA9004678F0 /* Repositories */,
				8956A7452E9D4104004678F0 /* UseCases */,
				8997E9D22E8BF6EB00E572E7 /* Model */,
			);
			path = Domain;
			sourceTree = "<group>";
		};
		896E3C0B2E7EFFDD00AC49CF /* Data */ = {
			isa = PBXGroup;
			children = (
				8956A75D2E9E5021004678F0 /* Network */,
				8956A7572E9E4EF3004678F0 /* Repositories */,
			);
			path = Data;
			sourceTree = "<group>";
		};
		896E3C0C2E7EFFEA00AC49CF /* Core */ = {
			isa = PBXGroup;
			children = (
				890E6D2C2E8013BF0037EEB9 /* Component */,
			);
			path = Core;
			sourceTree = "<group>";
		};
		896E3C0D2E7EFFFD00AC49CF /* Resources */ = {
			isa = PBXGroup;
			children = (
				896E3BEF2E7ECFAE00AC49CF /* Assets.xcassets */,
				896E3BF22E7ECFAE00AC49CF /* LaunchScreen.storyboard */,
				896E3BF42E7ECFAE00AC49CF /* Main.storyboard */,
			);
			path = Resources;
			sourceTree = "<group>";
		};
		896E3C0E2E7F005000AC49CF /* Presenter */ = {
			isa = PBXGroup;
			children = (
				890E6D1D2E7FD8880037EEB9 /* TabBar */,
				896E3C0F2E7F006700AC49CF /* Login */,
				890E6D202E7FD94F0037EEB9 /* Home */,
				890E6D272E8012C50037EEB9 /* Planner */,
				89C627532E80E68000CAB833 /* Grades */,
				89CBA1A42E8262FA0075941D /* University */,
				8997E9BE2E8BDEBA00E572E7 /* Counseling */,
			);
			path = Presenter;
			sourceTree = "<group>";
		};
		896E3C0F2E7F006700AC49CF /* Login */ = {
			isa = PBXGroup;
			children = (
				8956A74F2E9D4AA9004678F0 /* LoginViewController.swift */,
			);
			path = Login;
			sourceTree = "<group>";
		};
		8976678C2E938292009ECEFC /* AddGrade */ = {
			isa = PBXGroup;
			children = (
				8976678D2E9382AD009ECEFC /* AddGradeView.swift */,
				8976678F2E9382D6009ECEFC /* AddGradeViewController.swift */,
				8926FC262EB10D4B00C5CB80 /* GradeInputCell.swift */,
			);
			path = AddGrade;
			sourceTree = "<group>";
		};
		8997E9BE2E8BDEBA00E572E7 /* Counseling */ = {
			isa = PBXGroup;
			children = (
				8956A7402E9CCDE1004678F0 /* AddQuestion */,
				890F087B2E94F7F100B47FCE /* ChildView */,
				8997E9BF2E8BDEE300E572E7 /* CounselingView.swift */,
				8997E9C12E8BDF0000E572E7 /* CounselingViewController.swift */,
			);
			path = Counseling;
			sourceTree = "<group>";
		};
		8997E9C32E8BDF7000E572E7 /* MyQuestions */ = {
			isa = PBXGroup;
			children = (
				8997E9C42E8BDF8600E572E7 /* MyQuestionView.swift */,
				8997E9C62E8BDF9200E572E7 /* MyQuestionViewController.swift */,
				89A776E82EDB0CBD00C544D6 /* MyQuestionViewModel.swift */,
			);
			path = MyQuestions;
			sourceTree = "<group>";
		};
		8997E9C82E8BDFC700E572E7 /* Notifications */ = {
			isa = PBXGroup;
			children = (
				8997E9CA2E8BE16400E572E7 /* NotificationView.swift */,
				8997E9CC2E8BE16F00E572E7 /* NotificationViewController.swift */,
				89A776F62EDB342A00C544D6 /* NotificationViewModel.swift */,
			);
			path = Notifications;
			sourceTree = "<group>";
		};
		8997E9C92E8BDFD400E572E7 /* Faq */ = {
			isa = PBXGroup;
			children = (
				8997E9CE2E8BE1B900E572E7 /* FaqView.swift */,
				8997E9D02E8BE1C200E572E7 /* FaqViewController.swift */,
			);
			path = Faq;
			sourceTree = "<group>";
		};
		8997E9D22E8BF6EB00E572E7 /* Model */ = {
			isa = PBXGroup;
			children = (
				8997E9D32E8BF6F900E572E7 /* HomeData.swift */,
				8997E9E12E8C5A6500E572E7 /* PlannerData.swift */,
				8926FC242EB0A1FA00C5CB80 /* GradeDataModel.swift */,
				890F70E82EC223DC0043F56A /* ExtraCurricularData.swift */,
				89FC03B42EC33D04004EB55F /* UniversityDataModel.swift */,
				89A776E62EDB0B9A00C544D6 /* CounselingModels.swift */,
				89A776F02EDB33A900C544D6 /* NotificationItem.swift */,
			);
			path = Model;
			sourceTree = "<group>";
		};
		8997E9D72E8C25A100E572E7 /* UniversityNewsDetail */ = {
			isa = PBXGroup;
			children = (
				8997E9D82E8C25BF00E572E7 /* UniversityNewsDetailView.swift */,
				8997E9DA2E8C25C800E572E7 /* UniversityNewsDetailViewController.swift */,
			);
			path = UniversityNewsDetail;
			sourceTree = "<group>";
		};
		8997E9DC2E8C4F0700E572E7 /* AddSchedul */ = {
			isa = PBXGroup;
			children = (
				8997E9DD2E8C4F2400E572E7 /* AddScheduleView.swift */,
				8997E9DF2E8C4F3400E572E7 /* AddSchedulViewController.swift */,
			);
			path = AddSchedul;
			sourceTree = "<group>";
		};
		89C627532E80E68000CAB833 /* Grades */ = {
			isa = PBXGroup;
			children = (
				890F70F22EC231150043F56A /* AddActivity */,
				8976678C2E938292009ECEFC /* AddGrade */,
				89C627582E80E6C300CAB833 /* GradeChart */,
				89C6275B2E80E8A100CAB833 /* ChildView */,
				89C627542E80E6B200CAB833 /* GradesViewController.swift */,
				89C627562E80E6BB00CAB833 /* GradesView.swift */,
			);
			path = Grades;
			sourceTree = "<group>";
		};
		89C627582E80E6C300CAB833 /* GradeChart */ = {
			isa = PBXGroup;
			children = (
				89C627592E80E6E100CAB833 /* GradeChart.swift */,
			);
			path = GradeChart;
			sourceTree = "<group>";
		};
		89C6275B2E80E8A100CAB833 /* ChildView */ = {
			isa = PBXGroup;
			children = (
				89C627622E80E95200CAB833 /* InternalGrades */,
				89C627632E80E95D00CAB833 /* MockExam */,
				89C627642E80E96500CAB833 /* ExtraCurricular */,
			);
			path = ChildView;
			sourceTree = "<group>";
		};
		89C627622E80E95200CAB833 /* InternalGrades */ = {
			isa = PBXGroup;
			children = (
				89C6275C2E80E8B100CAB833 /* InternalGradesViewController.swift */,
				89C627652E80E9B600CAB833 /* InternalGradesView.swift */,
				8926FC222EB09F5000C5CB80 /* InternalGradeViewModel.swift */,
			);
			path = InternalGrades;
			sourceTree = "<group>";
		};
		89C627632E80E95D00CAB833 /* MockExam */ = {
			isa = PBXGroup;
			children = (
				89C6275E2E80E8C700CAB833 /* MockExamViewController.swift */,
				89C627672E8118CE00CAB833 /* MockExamView.swift */,
				890F70E62EC1DD970043F56A /* MockExamViewModel.swift */,
			);
			path = MockExam;
			sourceTree = "<group>";
		};
		89C627642E80E96500CAB833 /* ExtraCurricular */ = {
			isa = PBXGroup;
			children = (
				89C627602E80E8E000CAB833 /* ExtraCurricularViewController.swift */,
				89C627692E811A3400CAB833 /* ExtraCurricularView.swift */,
				890F70F02EC224E50043F56A /* ExtraCurricularViewModel.swift */,
			);
			path = ExtraCurricular;
			sourceTree = "<group>";
		};
		89CBA1A42E8262FA0075941D /* University */ = {
			isa = PBXGroup;
			children = (
				890F08852E951ED500B47FCE /* AddUniversity */,
				890F08802E951B2A00B47FCE /* UniversityDetailView */,
				890F087A2E94F7DD00B47FCE /* ChildView */,
				89CBA1A22E8262DB0075941D /* UniversityView.swift */,
				89CBA1A52E8263680075941D /* UniversityViewController.swift */,
			);
			path = University;
			sourceTree = "<group>";
		};
		89CBA1A72E8263860075941D /* MyUniversity */ = {
			isa = PBXGroup;
			children = (
				89FC03BE2EC3637F004EB55F /* MyUniversitiesViewModel.swift */,
				89CBA1A82E82639E0075941D /* MyUniversitiesView.swift */,
				89CBA1AA2E8264AC0075941D /* MyUniversitiesViewController.swift */,
			);
			path = MyUniversity;
			sourceTree = "<group>";
		};
		89CBA1AC2E8264C80075941D /* AdmissionsNews */ = {
			isa = PBXGroup;
			children = (
				8997E9D72E8C25A100E572E7 /* UniversityNewsDetail */,
				89CBA1AE2E8265270075941D /* AdmissionNewsView.swift */,
				89CBA1B02E8265360075941D /* AdmissionNewsViewController.swift */,
				89FC03C02EC38CB7004EB55F /* AdmissionsNewsViewModel.swift */,
			);
			path = AdmissionsNews;
			sourceTree = "<group>";
		};
		89CBA1AD2E8264EC0075941D /* AdmissionSchedule */ = {
			isa = PBXGroup;
			children = (
				89CBA1B32E82656E0075941D /* AdmissionScheduleView.swift */,
				89CBA1B52E82657F0075941D /* AdmissionScheduleViewController.swift */,
				89FC03BC2EC33E5B004EB55F /* AdmissionSchedulViewModel.swift */,
			);
			path = AdmissionSchedule;
			sourceTree = "<group>";
		};
/* End PBXGroup section */

/* Begin PBXNativeTarget section */
		896E3BD52E7ECFA200AC49CF /* I-Gou */ = {
			isa = PBXNativeTarget;
			buildConfigurationList = 896E3BE92E7ECFA400AC49CF /* Build configuration list for PBXNativeTarget "I-Gou" */;
			buildPhases = (
				896E3BD22E7ECFA200AC49CF /* Sources */,
				896E3BD32E7ECFA200AC49CF /* Frameworks */,
				896E3BD42E7ECFA200AC49CF /* Resources */,
			);
			buildRules = (
			);
			dependencies = (
			);
			name = "I-Gou";
			packageProductDependencies = (
				8956A7492E9D4992004678F0 /* KakaoSDK */,
				8956A74B2E9D4992004678F0 /* KakaoSDKAuth */,
				8956A74D2E9D49BD004678F0 /* KakaoSDKUser */,
				89FC03C32EC39544004EB55F /* KeychainAccess */,
			);
			productName = "I-Gou";
			productReference = 896E3BD62E7ECFA200AC49CF /* I-Gou.app */;
			productType = "com.apple.product-type.application";
		};
/* End PBXNativeTarget section */

/* Begin PBXProject section */
		896E3BCE2E7ECFA200AC49CF /* Project object */ = {
			isa = PBXProject;
			attributes = {
				BuildIndependentTargetsInParallel = 1;
				LastSwiftUpdateCheck = 1640;
				LastUpgradeCheck = 1640;
				TargetAttributes = {
					896E3BD52E7ECFA200AC49CF = {
						CreatedOnToolsVersion = 16.4;
					};
				};
			};
			buildConfigurationList = 896E3BD12E7ECFA200AC49CF /* Build configuration list for PBXProject "I-Gou" */;
			developmentRegion = en;
			hasScannedForEncodings = 0;
			knownRegions = (
				en,
				Base,
			);
			mainGroup = 896E3BCD2E7ECFA200AC49CF;
			minimizedProjectReferenceProxies = 1;
			packageReferences = (
				8956A7482E9D4992004678F0 /* XCRemoteSwiftPackageReference "kakao-ios-sdk" */,
				89FC03C22EC39544004EB55F /* XCRemoteSwiftPackageReference "KeychainAccess" */,
			);
			preferredProjectObjectVersion = 77;
			productRefGroup = 896E3BD72E7ECFA200AC49CF /* Products */;
			projectDirPath = "";
			projectRoot = "";
			targets = (
				896E3BD52E7ECFA200AC49CF /* I-Gou */,
			);
		};
/* End PBXProject section */

/* Begin PBXResourcesBuildPhase section */
		896E3BD42E7ECFA200AC49CF /* Resources */ = {
			isa = PBXResourcesBuildPhase;
			buildActionMask = 2147483647;
			files = (
				896E3BF82E7ECFAE00AC49CF /* Assets.xcassets in Resources */,
				896E3BFA2E7ECFAE00AC49CF /* LaunchScreen.storyboard in Resources */,
				896E3BFB2E7ECFAE00AC49CF /* Main.storyboard in Resources */,
			);
			runOnlyForDeploymentPostprocessing = 0;
		};
/* End PBXResourcesBuildPhase section */

/* Begin PBXSourcesBuildPhase section */
		896E3BD22E7ECFA200AC49CF /* Sources */ = {
			isa = PBXSourcesBuildPhase;
			buildActionMask = 2147483647;
			files = (
				890F70ED2EC2246F0043F56A /* ExtraCurricularUseCase.swift in Sources */,
				89A776F12EDB33A900C544D6 /* NotificationItem.swift in Sources */,
				89A776F52EDB340100C544D6 /* DefaultNotificationRepository.swift in Sources */,
				890F70F42EC2313A0043F56A /* AddActivityView.swift in Sources */,
				8997E9CF2E8BE1B900E572E7 /* FaqView.swift in Sources */,
				89FC03B92EC33DC1004EB55F /* DefaultUniversityRepository.swift in Sources */,
				89C6275A2E80E6E100CAB833 /* GradeChart.swift in Sources */,
				89C6276A2E811A3400CAB833 /* ExtraCurricularView.swift in Sources */,
				8997E9CD2E8BE16F00E572E7 /* NotificationViewController.swift in Sources */,
				8956A75C2E9E4FF9004678F0 /* PlannerUseCase.swift in Sources */,
				8997E9D42E8BF6F900E572E7 /* HomeData.swift in Sources */,
				89CBA1AF2E8265270075941D /* AdmissionNewsView.swift in Sources */,
				8997E9C22E8BDF0000E572E7 /* CounselingViewController.swift in Sources */,
				89BB27842EC2392F00C3BCC8 /* AddReadingViewController.swift in Sources */,
				89CBA1B62E82657F0075941D /* AdmissionScheduleViewController.swift in Sources */,
				8997E9D92E8C25BF00E572E7 /* UniversityNewsDetailView.swift in Sources */,
				8926FC232EB09F5000C5CB80 /* InternalGradeViewModel.swift in Sources */,
				89C627662E80E9B600CAB833 /* InternalGradesView.swift in Sources */,
				890F70EB2EC2243B0043F56A /* ExtraCurricularRepository.swift in Sources */,
				89FC03BD2EC33E5B004EB55F /* AdmissionSchedulViewModel.swift in Sources */,
				89A776ED2EDB0EB000C544D6 /* CounselingUseCase.swift in Sources */,
				89C627612E80E8E000CAB833 /* ExtraCurricularViewController.swift in Sources */,
				8997E9CB2E8BE16400E572E7 /* NotificationView.swift in Sources */,
				89A776EF2EDB0ED500C544D6 /* DefaultCounselingRepository.swift in Sources */,
				8997E9DB2E8C25C800E572E7 /* UniversityNewsDetailViewController.swift in Sources */,
				890E6D222E7FD9640037EEB9 /* HomeViewController.swift in Sources */,
				8926FC252EB0A1FA00C5CB80 /* GradeDataModel.swift in Sources */,
				8997E9C72E8BDF9200E572E7 /* MyQuestionViewController.swift in Sources */,
				8976678E2E9382AD009ECEFC /* AddGradeView.swift in Sources */,
				890E6D2E2E8013D70037EEB9 /* CardView.swift in Sources */,
				8997E9E02E8C4F3400E572E7 /* AddSchedulViewController.swift in Sources */,
				896E3C062E7EFF4900AC49CF /* AppDelegate.swift in Sources */,
				89C627552E80E6B200CAB833 /* GradesViewController.swift in Sources */,
				8997E9E22E8C5A6500E572E7 /* PlannerData.swift in Sources */,
				89FC03BB2EC33E07004EB55F /* UniversityUseCase.swift in Sources */,
				8997E9C52E8BDF8600E572E7 /* MyQuestionView.swift in Sources */,
				890F70E92EC223DC0043F56A /* ExtraCurricularData.swift in Sources */,
				89FC03C62EC39553004EB55F /* KeychainService.swift in Sources */,
				8956A7502E9D4AA9004678F0 /* LoginViewController.swift in Sources */,
				890F08872E951EEB00B47FCE /* AddUniversityView.swift in Sources */,
				8956A75F2E9E5032004678F0 /* APIService.swift in Sources */,
				8926FC1D2EB09E6E00C5CB80 /* GradeRepository.swift in Sources */,
				890E6D252E7FF38D0037EEB9 /* HomeView.swift in Sources */,
				8997E9E42E8C5A8000E572E7 /* PlannerViewModel.swift in Sources */,
				89FC03C12EC38CB7004EB55F /* AdmissionsNewsViewModel.swift in Sources */,
				8997E9D62E8BF9A100E572E7 /* HomeViewModel.swift in Sources */,
				8956A7542E9E4DCB004678F0 /* ScheduleRepository.swift in Sources */,
				8956A7422E9CCDF8004678F0 /* AddQuestionView.swift in Sources */,
				89CBA1AB2E8264AC0075941D /* MyUniversitiesViewController.swift in Sources */,
				890F08822E951B4900B47FCE /* UniversityDetailViewController.swift in Sources */,
				8997E9DE2E8C4F2400E572E7 /* AddScheduleView.swift in Sources */,
				8956A7592E9E4F0D004678F0 /* DefaultSchedulRepository.swift in Sources */,
				89FC03B72EC33D99004EB55F /* UniversityRepository.swift in Sources */,
				8997E9D12E8BE1C200E572E7 /* FaqViewController.swift in Sources */,
				890E6D1F2E7FD8A60037EEB9 /* MainTabBarController.swift in Sources */,
				89CBA1B42E82656E0075941D /* AdmissionScheduleView.swift in Sources */,
				89A776E92EDB0CBD00C544D6 /* MyQuestionViewModel.swift in Sources */,
				89FC03BF2EC3637F004EB55F /* MyUniversitiesViewModel.swift in Sources */,
				890F70F12EC224E50043F56A /* ExtraCurricularViewModel.swift in Sources */,
				89C627572E80E6BB00CAB833 /* GradesView.swift in Sources */,
				89A776EB2EDB0E8000C544D6 /* CounselingRepository.swift in Sources */,
				8926FC1F2EB09ED800C5CB80 /* GradeUseCase.swift in Sources */,
				8926FC272EB10D4B00C5CB80 /* GradeInputCell.swift in Sources */,
				89CBA1A92E82639E0075941D /* MyUniversitiesView.swift in Sources */,
				890E6D2B2E80130D0037EEB9 /* PlannerViewController.swift in Sources */,
				89A776E72EDB0B9A00C544D6 /* CounselingModels.swift in Sources */,
				897667902E9382D6009ECEFC /* AddGradeViewController.swift in Sources */,
				89C6275D2E80E8B100CAB833 /* InternalGradesViewController.swift in Sources */,
				89FC03B52EC33D04004EB55F /* UniversityDataModel.swift in Sources */,
				896E3C072E7EFF4900AC49CF /* SceneDelegate.swift in Sources */,
				890F70E72EC1DD970043F56A /* MockExamViewModel.swift in Sources */,
				89A776F72EDB342A00C544D6 /* NotificationViewModel.swift in Sources */,
				89C627682E8118CE00CAB833 /* MockExamView.swift in Sources */,
				89C6275F2E80E8C700CAB833 /* MockExamViewController.swift in Sources */,
				8997E9C02E8BDEE300E572E7 /* CounselingView.swift in Sources */,
				890F70EF2EC224AD0043F56A /* DefaultExtraCurricularRepository.swift in Sources */,
				890E6D292E8012E80037EEB9 /* PlannerView.swift in Sources */,
				890F70F62EC231730043F56A /* AddActivityViewController.swift in Sources */,
				890F08892E951F1100B47FCE /* AddUniversityViewController.swift in Sources */,
				8926FC212EB09F1500C5CB80 /* DefaultGradeRepository.swift in Sources */,
				89CBA1B12E8265360075941D /* AdmissionNewsViewController.swift in Sources */,
				89CBA1A62E8263680075941D /* UniversityViewController.swift in Sources */,
				89CBA1A32E8262DB0075941D /* UniversityView.swift in Sources */,
				89A776F32EDB33CA00C544D6 /* NotificationRepository.swift in Sources */,
				8956A7442E9CCE04004678F0 /* AddQuestionViewController.swift in Sources */,
			);
			runOnlyForDeploymentPostprocessing = 0;
		};
/* End PBXSourcesBuildPhase section */

/* Begin PBXVariantGroup section */
		896E3BF22E7ECFAE00AC49CF /* LaunchScreen.storyboard */ = {
			isa = PBXVariantGroup;
			children = (
				896E3BF12E7ECFAE00AC49CF /* Base */,
			);
			name = LaunchScreen.storyboard;
			sourceTree = "<group>";
		};
		896E3BF42E7ECFAE00AC49CF /* Main.storyboard */ = {
			isa = PBXVariantGroup;
			children = (
				896E3BF32E7ECFAE00AC49CF /* Base */,
			);
			name = Main.storyboard;
			sourceTree = "<group>";
		};
/* End PBXVariantGroup section */

/* Begin XCBuildConfiguration section */
		896E3BEA2E7ECFA400AC49CF /* Debug */ = {
			isa = XCBuildConfiguration;
			baseConfigurationReference = 8956A7512E9D4BE3004678F0 /* Config.xcconfig */;
			buildSettings = {
				ASSETCATALOG_COMPILER_APPICON_NAME = AppIcon;
				ASSETCATALOG_COMPILER_GLOBAL_ACCENT_COLOR_NAME = AccentColor;
				CODE_SIGN_STYLE = Automatic;
				CURRENT_PROJECT_VERSION = 1;
				DEVELOPMENT_TEAM = K4Y3BP25BV;
				GENERATE_INFOPLIST_FILE = YES;
				INFOPLIST_FILE = "I-Gou/Info.plist";
				INFOPLIST_KEY_UIApplicationSupportsIndirectInputEvents = YES;
				INFOPLIST_KEY_UILaunchStoryboardName = LaunchScreen;
				INFOPLIST_KEY_UIMainStoryboardFile = Main;
				INFOPLIST_KEY_UISupportedInterfaceOrientations_iPad = "UIInterfaceOrientationPortrait UIInterfaceOrientationPortraitUpsideDown UIInterfaceOrientationLandscapeLeft UIInterfaceOrientationLandscapeRight";
				INFOPLIST_KEY_UISupportedInterfaceOrientations_iPhone = "UIInterfaceOrientationPortrait UIInterfaceOrientationLandscapeLeft UIInterfaceOrientationLandscapeRight";
				LD_RUNPATH_SEARCH_PATHS = (
					"$(inherited)",
					"@executable_path/Frameworks",
				);
				MARKETING_VERSION = 1.0;
				PRODUCT_BUNDLE_IDENTIFIER = "com.jang.I-Gou";
				PRODUCT_NAME = "$(TARGET_NAME)";
				SWIFT_EMIT_LOC_STRINGS = YES;
				SWIFT_VERSION = 5.0;
				TARGETED_DEVICE_FAMILY = "1,2";
			};
			name = Debug;
		};
		896E3BEB2E7ECFA400AC49CF /* Release */ = {
			isa = XCBuildConfiguration;
			baseConfigurationReference = 8956A7512E9D4BE3004678F0 /* Config.xcconfig */;
			buildSettings = {
				ASSETCATALOG_COMPILER_APPICON_NAME = AppIcon;
				ASSETCATALOG_COMPILER_GLOBAL_ACCENT_COLOR_NAME = AccentColor;
				CODE_SIGN_STYLE = Automatic;
				CURRENT_PROJECT_VERSION = 1;
				DEVELOPMENT_TEAM = K4Y3BP25BV;
				GENERATE_INFOPLIST_FILE = YES;
				INFOPLIST_FILE = "I-Gou/Info.plist";
				INFOPLIST_KEY_UIApplicationSupportsIndirectInputEvents = YES;
				INFOPLIST_KEY_UILaunchStoryboardName = LaunchScreen;
				INFOPLIST_KEY_UIMainStoryboardFile = Main;
				INFOPLIST_KEY_UISupportedInterfaceOrientations_iPad = "UIInterfaceOrientationPortrait UIInterfaceOrientationPortraitUpsideDown UIInterfaceOrientationLandscapeLeft UIInterfaceOrientationLandscapeRight";
				INFOPLIST_KEY_UISupportedInterfaceOrientations_iPhone = "UIInterfaceOrientationPortrait UIInterfaceOrientationLandscapeLeft UIInterfaceOrientationLandscapeRight";
				LD_RUNPATH_SEARCH_PATHS = (
					"$(inherited)",
					"@executable_path/Frameworks",
				);
				MARKETING_VERSION = 1.0;
				PRODUCT_BUNDLE_IDENTIFIER = "com.jang.I-Gou";
				PRODUCT_NAME = "$(TARGET_NAME)";
				SWIFT_EMIT_LOC_STRINGS = YES;
				SWIFT_VERSION = 5.0;
				TARGETED_DEVICE_FAMILY = "1,2";
			};
			name = Release;
		};
		896E3BEC2E7ECFA400AC49CF /* Debug */ = {
			isa = XCBuildConfiguration;
			baseConfigurationReference = 8956A7512E9D4BE3004678F0 /* Config.xcconfig */;
			buildSettings = {
				ALWAYS_SEARCH_USER_PATHS = NO;
				ASSETCATALOG_COMPILER_GENERATE_SWIFT_ASSET_SYMBOL_EXTENSIONS = YES;
				CLANG_ANALYZER_NONNULL = YES;
				CLANG_ANALYZER_NUMBER_OBJECT_CONVERSION = YES_AGGRESSIVE;
				CLANG_CXX_LANGUAGE_STANDARD = "gnu++20";
				CLANG_ENABLE_MODULES = YES;
				CLANG_ENABLE_OBJC_ARC = YES;
				CLANG_ENABLE_OBJC_WEAK = YES;
				CLANG_WARN_BLOCK_CAPTURE_AUTORELEASING = YES;
				CLANG_WARN_BOOL_CONVERSION = YES;
				CLANG_WARN_COMMA = YES;
				CLANG_WARN_CONSTANT_CONVERSION = YES;
				CLANG_WARN_DEPRECATED_OBJC_IMPLEMENTATIONS = YES;
				CLANG_WARN_DIRECT_OBJC_ISA_USAGE = YES_ERROR;
				CLANG_WARN_DOCUMENTATION_COMMENTS = YES;
				CLANG_WARN_EMPTY_BODY = YES;
				CLANG_WARN_ENUM_CONVERSION = YES;
				CLANG_WARN_INFINITE_RECURSION = YES;
				CLANG_WARN_INT_CONVERSION = YES;
				CLANG_WARN_NON_LITERAL_NULL_CONVERSION = YES;
				CLANG_WARN_OBJC_IMPLICIT_RETAIN_SELF = YES;
				CLANG_WARN_OBJC_LITERAL_CONVERSION = YES;
				CLANG_WARN_OBJC_ROOT_CLASS = YES_ERROR;
				CLANG_WARN_QUOTED_INCLUDE_IN_FRAMEWORK_HEADER = YES;
				CLANG_WARN_RANGE_LOOP_ANALYSIS = YES;
				CLANG_WARN_STRICT_PROTOTYPES = YES;
				CLANG_WARN_SUSPICIOUS_MOVE = YES;
				CLANG_WARN_UNGUARDED_AVAILABILITY = YES_AGGRESSIVE;
				CLANG_WARN_UNREACHABLE_CODE = YES;
				CLANG_WARN__DUPLICATE_METHOD_MATCH = YES;
				COPY_PHASE_STRIP = NO;
				DEBUG_INFORMATION_FORMAT = dwarf;
				DEVELOPMENT_TEAM = K4Y3BP25BV;
				ENABLE_STRICT_OBJC_MSGSEND = YES;
				ENABLE_TESTABILITY = YES;
				ENABLE_USER_SCRIPT_SANDBOXING = YES;
				GCC_C_LANGUAGE_STANDARD = gnu17;
				GCC_DYNAMIC_NO_PIC = NO;
				GCC_NO_COMMON_BLOCKS = YES;
				GCC_OPTIMIZATION_LEVEL = 0;
				GCC_PREPROCESSOR_DEFINITIONS = (
					"DEBUG=1",
					"$(inherited)",
				);
				GCC_WARN_64_TO_32_BIT_CONVERSION = YES;
				GCC_WARN_ABOUT_RETURN_TYPE = YES_ERROR;
				GCC_WARN_UNDECLARED_SELECTOR = YES;
				GCC_WARN_UNINITIALIZED_AUTOS = YES_AGGRESSIVE;
				GCC_WARN_UNUSED_FUNCTION = YES;
				GCC_WARN_UNUSED_VARIABLE = YES;
				IPHONEOS_DEPLOYMENT_TARGET = 18.5;
				LOCALIZATION_PREFERS_STRING_CATALOGS = YES;
				MTL_ENABLE_DEBUG_INFO = INCLUDE_SOURCE;
				MTL_FAST_MATH = YES;
				ONLY_ACTIVE_ARCH = YES;
				SDKROOT = iphoneos;
				SWIFT_ACTIVE_COMPILATION_CONDITIONS = "DEBUG $(inherited)";
				SWIFT_OPTIMIZATION_LEVEL = "-Onone";
			};
			name = Debug;
		};
		896E3BED2E7ECFA400AC49CF /* Release */ = {
			isa = XCBuildConfiguration;
			baseConfigurationReference = 8956A7512E9D4BE3004678F0 /* Config.xcconfig */;
			buildSettings = {
				ALWAYS_SEARCH_USER_PATHS = NO;
				ASSETCATALOG_COMPILER_GENERATE_SWIFT_ASSET_SYMBOL_EXTENSIONS = YES;
				CLANG_ANALYZER_NONNULL = YES;
				CLANG_ANALYZER_NUMBER_OBJECT_CONVERSION = YES_AGGRESSIVE;
				CLANG_CXX_LANGUAGE_STANDARD = "gnu++20";
				CLANG_ENABLE_MODULES = YES;
				CLANG_ENABLE_OBJC_ARC = YES;
				CLANG_ENABLE_OBJC_WEAK = YES;
				CLANG_WARN_BLOCK_CAPTURE_AUTORELEASING = YES;
				CLANG_WARN_BOOL_CONVERSION = YES;
				CLANG_WARN_COMMA = YES;
				CLANG_WARN_CONSTANT_CONVERSION = YES;
				CLANG_WARN_DEPRECATED_OBJC_IMPLEMENTATIONS = YES;
				CLANG_WARN_DIRECT_OBJC_ISA_USAGE = YES_ERROR;
				CLANG_WARN_DOCUMENTATION_COMMENTS = YES;
				CLANG_WARN_EMPTY_BODY = YES;
				CLANG_WARN_ENUM_CONVERSION = YES;
				CLANG_WARN_INFINITE_RECURSION = YES;
				CLANG_WARN_INT_CONVERSION = YES;
				CLANG_WARN_NON_LITERAL_NULL_CONVERSION = YES;
				CLANG_WARN_OBJC_IMPLICIT_RETAIN_SELF = YES;
				CLANG_WARN_OBJC_LITERAL_CONVERSION = YES;
				CLANG_WARN_OBJC_ROOT_CLASS = YES_ERROR;
				CLANG_WARN_QUOTED_INCLUDE_IN_FRAMEWORK_HEADER = YES;
				CLANG_WARN_RANGE_LOOP_ANALYSIS = YES;
				CLANG_WARN_STRICT_PROTOTYPES = YES;
				CLANG_WARN_SUSPICIOUS_MOVE = YES;
				CLANG_WARN_UNGUARDED_AVAILABILITY = YES_AGGRESSIVE;
				CLANG_WARN_UNREACHABLE_CODE = YES;
				CLANG_WARN__DUPLICATE_METHOD_MATCH = YES;
				COPY_PHASE_STRIP = NO;
				DEBUG_INFORMATION_FORMAT = "dwarf-with-dsym";
				DEVELOPMENT_TEAM = K4Y3BP25BV;
				ENABLE_NS_ASSERTIONS = NO;
				ENABLE_STRICT_OBJC_MSGSEND = YES;
				ENABLE_USER_SCRIPT_SANDBOXING = YES;
				GCC_C_LANGUAGE_STANDARD = gnu17;
				GCC_NO_COMMON_BLOCKS = YES;
				GCC_WARN_64_TO_32_BIT_CONVERSION = YES;
				GCC_WARN_ABOUT_RETURN_TYPE = YES_ERROR;
				GCC_WARN_UNDECLARED_SELECTOR = YES;
				GCC_WARN_UNINITIALIZED_AUTOS = YES_AGGRESSIVE;
				GCC_WARN_UNUSED_FUNCTION = YES;
				GCC_WARN_UNUSED_VARIABLE = YES;
				IPHONEOS_DEPLOYMENT_TARGET = 18.5;
				LOCALIZATION_PREFERS_STRING_CATALOGS = YES;
				MTL_ENABLE_DEBUG_INFO = NO;
				MTL_FAST_MATH = YES;
				SDKROOT = iphoneos;
				SWIFT_COMPILATION_MODE = wholemodule;
				VALIDATE_PRODUCT = YES;
			};
			name = Release;
		};
/* End XCBuildConfiguration section */

/* Begin XCConfigurationList section */
		896E3BD12E7ECFA200AC49CF /* Build configuration list for PBXProject "I-Gou" */ = {
			isa = XCConfigurationList;
			buildConfigurations = (
				896E3BEC2E7ECFA400AC49CF /* Debug */,
				896E3BED2E7ECFA400AC49CF /* Release */,
			);
			defaultConfigurationIsVisible = 0;
			defaultConfigurationName = Release;
		};
		896E3BE92E7ECFA400AC49CF /* Build configuration list for PBXNativeTarget "I-Gou" */ = {
			isa = XCConfigurationList;
			buildConfigurations = (
				896E3BEA2E7ECFA400AC49CF /* Debug */,
				896E3BEB2E7ECFA400AC49CF /* Release */,
			);
			defaultConfigurationIsVisible = 0;
			defaultConfigurationName = Release;
		};
/* End XCConfigurationList section */

/* Begin XCRemoteSwiftPackageReference section */
		8956A7482E9D4992004678F0 /* XCRemoteSwiftPackageReference "kakao-ios-sdk" */ = {
			isa = XCRemoteSwiftPackageReference;
			repositoryURL = "https://github.com/kakao/kakao-ios-sdk";
			requirement = {
				kind = upToNextMajorVersion;
				minimumVersion = 2.25.0;
			};
		};
		89FC03C22EC39544004EB55F /* XCRemoteSwiftPackageReference "KeychainAccess" */ = {
			isa = XCRemoteSwiftPackageReference;
			repositoryURL = "https://github.com/kishikawakatsumi/KeychainAccess.git";
			requirement = {
				branch = master;
				kind = branch;
			};
		};
/* End XCRemoteSwiftPackageReference section */

/* Begin XCSwiftPackageProductDependency section */
		8956A7492E9D4992004678F0 /* KakaoSDK */ = {
			isa = XCSwiftPackageProductDependency;
			package = 8956A7482E9D4992004678F0 /* XCRemoteSwiftPackageReference "kakao-ios-sdk" */;
			productName = KakaoSDK;
		};
		8956A74B2E9D4992004678F0 /* KakaoSDKAuth */ = {
			isa = XCSwiftPackageProductDependency;
			package = 8956A7482E9D4992004678F0 /* XCRemoteSwiftPackageReference "kakao-ios-sdk" */;
			productName = KakaoSDKAuth;
		};
		8956A74D2E9D49BD004678F0 /* KakaoSDKUser */ = {
			isa = XCSwiftPackageProductDependency;
			package = 8956A7482E9D4992004678F0 /* XCRemoteSwiftPackageReference "kakao-ios-sdk" */;
			productName = KakaoSDKUser;
		};
		89FC03C32EC39544004EB55F /* KeychainAccess */ = {
			isa = XCSwiftPackageProductDependency;
			package = 89FC03C22EC39544004EB55F /* XCRemoteSwiftPackageReference "KeychainAccess" */;
			productName = KeychainAccess;
		};
/* End XCSwiftPackageProductDependency section */
	};
	rootObject = 896E3BCE2E7ECFA200AC49CF /* Project object */;
}
